
Microsoft Visual Studio Solution File, Format Version 12.00
# Visual Studio Version 16
VisualStudioVersion = 16.0.31702.278
MinimumVisualStudioVersion = 10.0.40219.1
Project("{FAE04EC0-301F-11D3-BF4B-00C04F79EFBC}") = "Gestion de convo Tennis", "Gestion de convo Tennis\Gestion de convo Tennis.csproj", "{6DA132FF-F17E-437C-9CC2-140D7676296B}"
EndProject
Global
	GlobalSection(SolutionConfigurationPlatforms) = preSolution
		Debug|Any CPU = Debug|Any CPU
		Release|Any CPU = Release|Any CPU
	EndGlobalSection
	GlobalSection(ProjectConfigurationPlatforms) = postSolution
		{6DA132FF-F17E-437C-9CC2-140D7676296B}.Debug|Any CPU.ActiveCfg = Debug|Any CPU
		{6DA132FF-F17E-437C-9CC2-140D7676296B}.Debug|Any CPU.Build.0 = Debug|Any CPU
		{6DA132FF-F17E-437C-9CC2-140D7676296B}.Release|Any CPU.ActiveCfg = Release|Any CPU
		{6DA132FF-F17E-437C-9CC2-140D7676296B}.Release|Any CPU.Build.0 = Release|Any CPU
	EndGlobalSection
	GlobalSection(SolutionProperties) = preSolution
		HideSolutionNode = FALSE
	EndGlobalSection
	GlobalSection(ExtensibilityGlobals) = postSolution
		SolutionGuid = {EB19F623-8C68-4ADD-9CC0-F3E38A8C99DA}
	EndGlobalSection
EndGlobal
